// !$*UTF8*$!
{
	archiveVersion = 1;
	classes = {
	};
	objectVersion = 51;
	objects = {

/* Begin PBXBuildFile section */
		A2128C1922C7FB7C00B04FC7 /* CardView.swift in Sources */ = {isa = PBXBuildFile; fileRef = A2128C1822C7FB7C00B04FC7 /* CardView.swift */; };
		A231606D22CC5E4A00045BB6 /* BlurView.swift in Sources */ = {isa = PBXBuildFile; fileRef = A231606C22CC5E4A00045BB6 /* BlurView.swift */; };
		A24B72BA22C56A710006BE0A /* AppDelegate.swift in Sources */ = {isa = PBXBuildFile; fileRef = A24B72B922C56A710006BE0A /* AppDelegate.swift */; };
		A24B72BC22C56A710006BE0A /* SceneDelegate.swift in Sources */ = {isa = PBXBuildFile; fileRef = A24B72BB22C56A710006BE0A /* SceneDelegate.swift */; };
		A24B72BE22C56A710006BE0A /* DetailView.swift in Sources */ = {isa = PBXBuildFile; fileRef = A24B72BD22C56A710006BE0A /* DetailView.swift */; };
		A24B72C022C56A730006BE0A /* Assets.xcassets in Resources */ = {isa = PBXBuildFile; fileRef = A24B72BF22C56A730006BE0A /* Assets.xcassets */; };
		A24B72C322C56A730006BE0A /* Preview Assets.xcassets in Resources */ = {isa = PBXBuildFile; fileRef = A24B72C222C56A730006BE0A /* Preview Assets.xcassets */; };
		A24B72C622C56A730006BE0A /* LaunchScreen.storyboard in Resources */ = {isa = PBXBuildFile; fileRef = A24B72C422C56A730006BE0A /* LaunchScreen.storyboard */; };
		A24B72CF22C571AB0006BE0A /* data.json in Resources */ = {isa = PBXBuildFile; fileRef = A24B72CE22C571AB0006BE0A /* data.json */; };
		A24B72D222C577950006BE0A /* Data.swift in Sources */ = {isa = PBXBuildFile; fileRef = A24B72D122C577950006BE0A /* Data.swift */; };
		A24B72D422C577E80006BE0A /* Product.swift in Sources */ = {isa = PBXBuildFile; fileRef = A24B72D322C577E80006BE0A /* Product.swift */; };
		A24B72D822C59BD70006BE0A /* StarsView.swift in Sources */ = {isa = PBXBuildFile; fileRef = A24B72D722C59BD70006BE0A /* StarsView.swift */; };
		A262B39822C7F0DB009B7E93 /* ProductList.swift in Sources */ = {isa = PBXBuildFile; fileRef = A262B39722C7F0DB009B7E93 /* ProductList.swift */; };
		A2708CAC22C8848700E3544C /* CartView.swift in Sources */ = {isa = PBXBuildFile; fileRef = A2708CAB22C8848700E3544C /* CartView.swift */; };
/* End PBXBuildFile section */

/* Begin PBXFileReference section */
		A2128C1822C7FB7C00B04FC7 /* CardView.swift */ = {isa = PBXFileReference; lastKnownFileType = sourcecode.swift; path = CardView.swift; sourceTree = "<group>"; };
		A231606C22CC5E4A00045BB6 /* BlurView.swift */ = {isa = PBXFileReference; lastKnownFileType = sourcecode.swift; path = BlurView.swift; sourceTree = "<group>"; };
		A24B72B622C56A710006BE0A /* MooTime Creamery.app */ = {isa = PBXFileReference; explicitFileType = wrapper.application; includeInIndex = 0; path = "MooTime Creamery.app"; sourceTree = BUILT_PRODUCTS_DIR; };
		A24B72B922C56A710006BE0A /* AppDelegate.swift */ = {isa = PBXFileReference; lastKnownFileType = sourcecode.swift; path = AppDelegate.swift; sourceTree = "<group>"; };
		A24B72BB22C56A710006BE0A /* SceneDelegate.swift */ = {isa = PBXFileReference; lastKnownFileType = sourcecode.swift; path = SceneDelegate.swift; sourceTree = "<group>"; };
		A24B72BD22C56A710006BE0A /* DetailView.swift */ = {isa = PBXFileReference; lastKnownFileType = sourcecode.swift; path = DetailView.swift; sourceTree = "<group>"; };
		A24B72BF22C56A730006BE0A /* Assets.xcassets */ = {isa = PBXFileReference; lastKnownFileType = folder.assetcatalog; path = Assets.xcassets; sourceTree = "<group>"; };
		A24B72C222C56A730006BE0A /* Preview Assets.xcassets */ = {isa = PBXFileReference; lastKnownFileType = folder.assetcatalog; path = "Preview Assets.xcassets"; sourceTree = "<group>"; };
		A24B72C522C56A730006BE0A /* Base */ = {isa = PBXFileReference; lastKnownFileType = file.storyboard; name = Base; path = Base.lproj/LaunchScreen.storyboard; sourceTree = "<group>"; };
		A24B72C722C56A730006BE0A /* Info.plist */ = {isa = PBXFileReference; lastKnownFileType = text.plist.xml; path = Info.plist; sourceTree = "<group>"; };
		A24B72CE22C571AB0006BE0A /* data.json */ = {isa = PBXFileReference; fileEncoding = 4; lastKnownFileType = text.json; path = data.json; sourceTree = "<group>"; };
		A24B72D122C577950006BE0A /* Data.swift */ = {isa = PBXFileReference; lastKnownFileType = sourcecode.swift; path = Data.swift; sourceTree = "<group>"; };
		A24B72D322C577E80006BE0A /* Product.swift */ = {isa = PBXFileReference; lastKnownFileType = sourcecode.swift; path = Product.swift; sourceTree = "<group>"; };
		A24B72D722C59BD70006BE0A /* StarsView.swift */ = {isa = PBXFileReference; lastKnownFileType = sourcecode.swift; path = StarsView.swift; sourceTree = "<group>"; };
		A262B39722C7F0DB009B7E93 /* ProductList.swift */ = {isa = PBXFileReference; lastKnownFileType = sourcecode.swift; path = ProductList.swift; sourceTree = "<group>"; };
		A2708CAB22C8848700E3544C /* CartView.swift */ = {isa = PBXFileReference; lastKnownFileType = sourcecode.swift; path = CartView.swift; sourceTree = "<group>"; };
/* End PBXFileReference section */

/* Begin PBXFrameworksBuildPhase section */
		A24B72B322C56A710006BE0A /* Frameworks */ = {
			isa = PBXFrameworksBuildPhase;
			buildActionMask = 2147483647;
			files = (
			);
			runOnlyForDeploymentPostprocessing = 0;
		};
/* End PBXFrameworksBuildPhase section */

/* Begin PBXGroup section */
		672CC619F21EDF1E6B570EE3 /* Pods */ = {
			isa = PBXGroup;
			children = (
			);
			path = Pods;
			sourceTree = "<group>";
		};
		A24B72AD22C56A710006BE0A = {
			isa = PBXGroup;
			children = (
				A24B72B822C56A710006BE0A /* MooTime Creamery */,
				A24B72B722C56A710006BE0A /* Products */,
				672CC619F21EDF1E6B570EE3 /* Pods */,
			);
			sourceTree = "<group>";
		};
		A24B72B722C56A710006BE0A /* Products */ = {
			isa = PBXGroup;
			children = (
				A24B72B622C56A710006BE0A /* MooTime Creamery.app */,
			);
			name = Products;
			sourceTree = "<group>";
		};
		A24B72B822C56A710006BE0A /* MooTime Creamery */ = {
			isa = PBXGroup;
			children = (
				A24B72D022C577790006BE0A /* Model */,
				A24B72B922C56A710006BE0A /* AppDelegate.swift */,
				A24B72BB22C56A710006BE0A /* SceneDelegate.swift */,
				A24B72BD22C56A710006BE0A /* DetailView.swift */,
				A231606C22CC5E4A00045BB6 /* BlurView.swift */,
				A262B39722C7F0DB009B7E93 /* ProductList.swift */,
				A2128C1822C7FB7C00B04FC7 /* CardView.swift */,
				A2708CAB22C8848700E3544C /* CartView.swift */,
				A24B72D722C59BD70006BE0A /* StarsView.swift */,
				A24B72BF22C56A730006BE0A /* Assets.xcassets */,
				A24B72C422C56A730006BE0A /* LaunchScreen.storyboard */,
				A24B72C722C56A730006BE0A /* Info.plist */,
				A24B72CD22C56B200006BE0A /* Resources */,
				A24B72C122C56A730006BE0A /* Preview Content */,
			);
			path = "MooTime Creamery";
			sourceTree = "<group>";
		};
		A24B72C122C56A730006BE0A /* Preview Content */ = {
			isa = PBXGroup;
			children = (
				A24B72C222C56A730006BE0A /* Preview Assets.xcassets */,
			);
			path = "Preview Content";
			sourceTree = "<group>";
		};
		A24B72CD22C56B200006BE0A /* Resources */ = {
			isa = PBXGroup;
			children = (
				A24B72CE22C571AB0006BE0A /* data.json */,
			);
			path = Resources;
			sourceTree = "<group>";
		};
		A24B72D022C577790006BE0A /* Model */ = {
			isa = PBXGroup;
			children = (
				A24B72D122C577950006BE0A /* Data.swift */,
				A24B72D322C577E80006BE0A /* Product.swift */,
			);
			path = Model;
			sourceTree = "<group>";
		};
/* End PBXGroup section */

/* Begin PBXNativeTarget section */
		A24B72B522C56A710006BE0A /* MooTime Creamery */ = {
			isa = PBXNativeTarget;
			buildConfigurationList = A24B72CA22C56A730006BE0A /* Build configuration list for PBXNativeTarget "MooTime Creamery" */;
			buildPhases = (
				A24B72B222C56A710006BE0A /* Sources */,
				A24B72B322C56A710006BE0A /* Frameworks */,
				A24B72B422C56A710006BE0A /* Resources */,
			);
			buildRules = (
			);
			dependencies = (
			);
			name = "MooTime Creamery";
			productName = "MooTime Creamery";
			productReference = A24B72B622C56A710006BE0A /* MooTime Creamery.app */;
			productType = "com.apple.product-type.application";
		};
/* End PBXNativeTarget section */

/* Begin PBXProject section */
		A24B72AE22C56A710006BE0A /* Project object */ = {
			isa = PBXProject;
			attributes = {
				LastSwiftUpdateCheck = 1100;
				LastUpgradeCheck = 1100;
				ORGANIZATIONNAME = "Rodrigo Soares";
				TargetAttributes = {
					A24B72B522C56A710006BE0A = {
						CreatedOnToolsVersion = 11.0;
					};
				};
			};
			buildConfigurationList = A24B72B122C56A710006BE0A /* Build configuration list for PBXProject "MooTime Creamery" */;
			compatibilityVersion = "Xcode 9.3";
			developmentRegion = en;
			hasScannedForEncodings = 0;
			knownRegions = (
				en,
				Base,
			);
			mainGroup = A24B72AD22C56A710006BE0A;
			productRefGroup = A24B72B722C56A710006BE0A /* Products */;
			projectDirPath = "";
			projectRoot = "";
			targets = (
				A24B72B522C56A710006BE0A /* MooTime Creamery */,
			);
		};
/* End PBXProject section */

/* Begin PBXResourcesBuildPhase section */
		A24B72B422C56A710006BE0A /* Resources */ = {
			isa = PBXResourcesBuildPhase;
			buildActionMask = 2147483647;
			files = (
				A24B72C622C56A730006BE0A /* LaunchScreen.storyboard in Resources */,
				A24B72C322C56A730006BE0A /* Preview Assets.xcassets in Resources */,
				A24B72C022C56A730006BE0A /* Assets.xcassets in Resources */,
				A24B72CF22C571AB0006BE0A /* data.json in Resources */,
			);
			runOnlyForDeploymentPostprocessing = 0;
		};
/* End PBXResourcesBuildPhase section */

/* Begin PBXSourcesBuildPhase section */
		A24B72B222C56A710006BE0A /* Sources */ = {
			isa = PBXSourcesBuildPhase;
			buildActionMask = 2147483647;
			files = (
				A2708CAC22C8848700E3544C /* CartView.swift in Sources */,
				A24B72BA22C56A710006BE0A /* AppDelegate.swift in Sources */,
				A24B72BC22C56A710006BE0A /* SceneDelegate.swift in Sources */,
				A24B72D422C577E80006BE0A /* Product.swift in Sources */,
				A262B39822C7F0DB009B7E93 /* ProductList.swift in Sources */,
				A24B72BE22C56A710006BE0A /* DetailView.swift in Sources */,
				A24B72D822C59BD70006BE0A /* StarsView.swift in Sources */,
				A231606D22CC5E4A00045BB6 /* BlurView.swift in Sources */,
				A2128C1922C7FB7C00B04FC7 /* CardView.swift in Sources */,
				A24B72D222C577950006BE0A /* Data.swift in Sources */,
			);
			runOnlyForDeploymentPostprocessing = 0;
		};
/* End PBXSourcesBuildPhase section */

/* Begin PBXVariantGroup section */
		A24B72C422C56A730006BE0A /* LaunchScreen.storyboard */ = {
			isa = PBXVariantGroup;
			children = (
				A24B72C522C56A730006BE0A /* Base */,
			);
			name = LaunchScreen.storyboard;
			sourceTree = "<group>";
		};
/* End PBXVariantGroup section */

/* Begin XCBuildConfiguration section */
		A24B72C822C56A730006BE0A /* Debug */ = {
			isa = XCBuildConfiguration;
			buildSettings = {
				ALWAYS_SEARCH_USER_PATHS = NO;
				CLANG_ANALYZER_NONNULL = YES;
				CLANG_ANALYZER_NUMBER_OBJECT_CONVERSION = YES_AGGRESSIVE;
				CLANG_CXX_LANGUAGE_STANDARD = "gnu++14";
				CLANG_CXX_LIBRARY = "libc++";
				CLANG_ENABLE_MODULES = YES;
				CLANG_ENABLE_OBJC_ARC = YES;
				CLANG_ENABLE_OBJC_WEAK = YES;
				CLANG_WARN_BLOCK_CAPTURE_AUTORELEASING = YES;
				CLANG_WARN_BOOL_CONVERSION = YES;
				CLANG_WARN_COMMA = YES;
				CLANG_WARN_CONSTANT_CONVERSION = YES;
				CLANG_WARN_DEPRECATED_OBJC_IMPLEMENTATIONS = YES;
				CLANG_WARN_DIRECT_OBJC_ISA_USAGE = YES_ERROR;
				CLANG_WARN_DOCUMENTATION_COMMENTS = YES;
				CLANG_WARN_EMPTY_BODY = YES;
				CLANG_WARN_ENUM_CONVERSION = YES;
				CLANG_WARN_INFINITE_RECURSION = YES;
				CLANG_WARN_INT_CONVERSION = YES;
				CLANG_WARN_NON_LITERAL_NULL_CONVERSION = YES;
				CLANG_WARN_OBJC_IMPLICIT_RETAIN_SELF = YES;
				CLANG_WARN_OBJC_LITERAL_CONVERSION = YES;
				CLANG_WARN_OBJC_ROOT_CLASS = YES_ERROR;
				CLANG_WARN_RANGE_LOOP_ANALYSIS = YES;
				CLANG_WARN_STRICT_PROTOTYPES = YES;
				CLANG_WARN_SUSPICIOUS_MOVE = YES;
				CLANG_WARN_UNGUARDED_AVAILABILITY = YES_AGGRESSIVE;
				CLANG_WARN_UNREACHABLE_CODE = YES;
				CLANG_WARN__DUPLICATE_METHOD_MATCH = YES;
				COPY_PHASE_STRIP = NO;
				DEBUG_INFORMATION_FORMAT = dwarf;
				ENABLE_STRICT_OBJC_MSGSEND = YES;
				ENABLE_TESTABILITY = YES;
				GCC_C_LANGUAGE_STANDARD = gnu11;
				GCC_DYNAMIC_NO_PIC = NO;
				GCC_NO_COMMON_BLOCKS = YES;
				GCC_OPTIMIZATION_LEVEL = 0;
				GCC_PREPROCESSOR_DEFINITIONS = (
					"DEBUG=1",
					"$(inherited)",
				);
				GCC_WARN_64_TO_32_BIT_CONVERSION = YES;
				GCC_WARN_ABOUT_RETURN_TYPE = YES_ERROR;
				GCC_WARN_UNDECLARED_SELECTOR = YES;
				GCC_WARN_UNINITIALIZED_AUTOS = YES_AGGRESSIVE;
				GCC_WARN_UNUSED_FUNCTION = YES;
				GCC_WARN_UNUSED_VARIABLE = YES;
				IPHONEOS_DEPLOYMENT_TARGET = 13.0;
				MTL_ENABLE_DEBUG_INFO = INCLUDE_SOURCE;
				MTL_FAST_MATH = YES;
				ONLY_ACTIVE_ARCH = YES;
				SDKROOT = iphoneos;
				SWIFT_ACTIVE_COMPILATION_CONDITIONS = DEBUG;
				SWIFT_OPTIMIZATION_LEVEL = "-Onone";
			};
			name = Debug;
		};
		A24B72C922C56A730006BE0A /* Release */ = {
			isa = XCBuildConfiguration;
			buildSettings = {
				ALWAYS_SEARCH_USER_PATHS = NO;
				CLANG_ANALYZER_NONNULL = YES;
				CLANG_ANALYZER_NUMBER_OBJECT_CONVERSION = YES_AGGRESSIVE;
				CLANG_CXX_LANGUAGE_STANDARD = "gnu++14";
				CLANG_CXX_LIBRARY = "libc++";
				CLANG_ENABLE_MODULES = YES;
				CLANG_ENABLE_OBJC_ARC = YES;
				CLANG_ENABLE_OBJC_WEAK = YES;
				CLANG_WARN_BLOCK_CAPTURE_AUTORELEASING = YES;
				CLANG_WARN_BOOL_CONVERSION = YES;
				CLANG_WARN_COMMA = YES;
				CLANG_WARN_CONSTANT_CONVERSION = YES;
				CLANG_WARN_DEPRECATED_OBJC_IMPLEMENTATIONS = YES;
				CLANG_WARN_DIRECT_OBJC_ISA_USAGE = YES_ERROR;
				CLANG_WARN_DOCUMENTATION_COMMENTS = YES;
				CLANG_WARN_EMPTY_BODY = YES;
				CLANG_WARN_ENUM_CONVERSION = YES;
				CLANG_WARN_INFINITE_RECURSION = YES;
				CLANG_WARN_INT_CONVERSION = YES;
				CLANG_WARN_NON_LITERAL_NULL_CONVERSION = YES;
				CLANG_WARN_OBJC_IMPLICIT_RETAIN_SELF = YES;
				CLANG_WARN_OBJC_LITERAL_CONVERSION = YES;
				CLANG_WARN_OBJC_ROOT_CLASS = YES_ERROR;
				CLANG_WARN_RANGE_LOOP_ANALYSIS = YES;
				CLANG_WARN_STRICT_PROTOTYPES = YES;
				CLANG_WARN_SUSPICIOUS_MOVE = YES;
				CLANG_WARN_UNGUARDED_AVAILABILITY = YES_AGGRESSIVE;
				CLANG_WARN_UNREACHABLE_CODE = YES;
				CLANG_WARN__DUPLICATE_METHOD_MATCH = YES;
				COPY_PHASE_STRIP = NO;
				DEBUG_INFORMATION_FORMAT = "dwarf-with-dsym";
				ENABLE_NS_ASSERTIONS = NO;
				ENABLE_STRICT_OBJC_MSGSEND = YES;
				GCC_C_LANGUAGE_STANDARD = gnu11;
				GCC_NO_COMMON_BLOCKS = YES;
				GCC_WARN_64_TO_32_BIT_CONVERSION = YES;
				GCC_WARN_ABOUT_RETURN_TYPE = YES_ERROR;
				GCC_WARN_UNDECLARED_SELECTOR = YES;
				GCC_WARN_UNINITIALIZED_AUTOS = YES_AGGRESSIVE;
				GCC_WARN_UNUSED_FUNCTION = YES;
				GCC_WARN_UNUSED_VARIABLE = YES;
				IPHONEOS_DEPLOYMENT_TARGET = 13.0;
				MTL_ENABLE_DEBUG_INFO = NO;
				MTL_FAST_MATH = YES;
				SDKROOT = iphoneos;
				SWIFT_COMPILATION_MODE = wholemodule;
				SWIFT_OPTIMIZATION_LEVEL = "-O";
				VALIDATE_PRODUCT = YES;
			};
			name = Release;
		};
		A24B72CB22C56A730006BE0A /* Debug */ = {
			isa = XCBuildConfiguration;
			buildSettings = {
				ASSETCATALOG_COMPILER_APPICON_NAME = AppIcon;
				CODE_SIGN_STYLE = Automatic;
				DEVELOPMENT_ASSET_PATHS = "\"MooTime Creamery\"/Preview\\ Content";
				ENABLE_PREVIEWS = YES;
				INFOPLIST_FILE = "MooTime Creamery/Info.plist";
				LD_RUNPATH_SEARCH_PATHS = (
					"$(inherited)",
					"@executable_path/Frameworks",
				);
				PRODUCT_BUNDLE_IDENTIFIER = "com.taptap.ninja.MooTime-Creamery";
				PRODUCT_NAME = "$(TARGET_NAME)";
				SWIFT_VERSION = 5.0;
				TARGETED_DEVICE_FAMILY = "1,2";
			};
			name = Debug;
		};
		A24B72CC22C56A730006BE0A /* Release */ = {
			isa = XCBuildConfiguration;
			buildSettings = {
				ASSETCATALOG_COMPILER_APPICON_NAME = AppIcon;
				CODE_SIGN_STYLE = Automatic;
				DEVELOPMENT_ASSET_PATHS = "\"MooTime Creamery\"/Preview\\ Content";
				ENABLE_PREVIEWS = YES;
				INFOPLIST_FILE = "MooTime Creamery/Info.plist";
				LD_RUNPATH_SEARCH_PATHS = (
					"$(inherited)",
					"@executable_path/Frameworks",
				);
				PRODUCT_BUNDLE_IDENTIFIER = "com.taptap.ninja.MooTime-Creamery";
				PRODUCT_NAME = "$(TARGET_NAME)";
				SWIFT_VERSION = 5.0;
				TARGETED_DEVICE_FAMILY = "1,2";
			};
			name = Release;
		};
/* End XCBuildConfiguration section */

/* Begin XCConfigurationList section */
		A24B72B122C56A710006BE0A /* Build configuration list for PBXProject "MooTime Creamery" */ = {
			isa = XCConfigurationList;
			buildConfigurations = (
				A24B72C822C56A730006BE0A /* Debug */,
				A24B72C922C56A730006BE0A /* Release */,
			);
			defaultConfigurationIsVisible = 0;
			defaultConfigurationName = Release;
		};
		A24B72CA22C56A730006BE0A /* Build configuration list for PBXNativeTarget "MooTime Creamery" */ = {
			isa = XCConfigurationList;
			buildConfigurations = (
				A24B72CB22C56A730006BE0A /* Debug */,
				A24B72CC22C56A730006BE0A /* Release */,
			);
			defaultConfigurationIsVisible = 0;
			defaultConfigurationName = Release;
		};
/* End XCConfigurationList section */
	};
	rootObject = A24B72AE22C56A710006BE0A /* Project object */;
}
